// !$*UTF8*$!
{
	archiveVersion = 1;
	classes = {
	};
	objectVersion = 77;
	objects = {

/* Begin PBXContainerItemProxy section */
		C2A475A92D93CF3C00E44973 /* PBXContainerItemProxy */ = {
			isa = PBXContainerItemProxy;
			containerPortal = C2A475902D93CF3B00E44973 /* Project object */;
			proxyType = 1;
			remoteGlobalIDString = C2A475972D93CF3B00E44973;
			remoteInfo = "xcode-hello";
		};
		C2A475B32D93CF3C00E44973 /* PBXContainerItemProxy */ = {
			isa = PBXContainerItemProxy;
			containerPortal = C2A475902D93CF3B00E44973 /* Project object */;
			proxyType = 1;
			remoteGlobalIDString = C2A475972D93CF3B00E44973;
			remoteInfo = "xcode-hello";
		};
/* End PBXContainerItemProxy section */

/* Begin PBXFileReference section */
		C2A475982D93CF3B00E44973 /* xcode-hello.app */ = {isa = PBXFileReference; explicitFileType = wrapper.application; includeInIndex = 0; path = "xcode-hello.app"; sourceTree = BUILT_PRODUCTS_DIR; };
		C2A475A82D93CF3C00E44973 /* xcode-helloTests.xctest */ = {isa = PBXFileReference; explicitFileType = wrapper.cfbundle; includeInIndex = 0; path = "xcode-helloTests.xctest"; sourceTree = BUILT_PRODUCTS_DIR; };
		C2A475B22D93CF3C00E44973 /* xcode-helloUITests.xctest */ = {isa = PBXFileReference; explicitFileType = wrapper.cfbundle; includeInIndex = 0; path = "xcode-helloUITests.xctest"; sourceTree = BUILT_PRODUCTS_DIR; };
/* End PBXFileReference section */

/* Begin PBXFileSystemSynchronizedRootGroup section */
		C2A4759A2D93CF3B00E44973 /* xcode-hello */ = {
			isa = PBXFileSystemSynchronizedRootGroup;
			path = "xcode-hello";
			sourceTree = "<group>";
		};
		C2A475AB2D93CF3C00E44973 /* xcode-helloTests */ = {
			isa = PBXFileSystemSynchronizedRootGroup;
			path = "xcode-helloTests";
			sourceTree = "<group>";
		};
		C2A475B52D93CF3C00E44973 /* xcode-helloUITests */ = {
			isa = PBXFileSystemSynchronizedRootGroup;
			path = "xcode-helloUITests";
			sourceTree = "<group>";
		};
/* End PBXFileSystemSynchronizedRootGroup section */

/* Begin PBXFrameworksBuildPhase section */
		C2A475952D93CF3B00E44973 /* Frameworks */ = {
			isa = PBXFrameworksBuildPhase;
			buildActionMask = 2147483647;
			files = (
			);
			runOnlyForDeploymentPostprocessing = 0;
		};
		C2A475A52D93CF3C00E44973 /* Frameworks */ = {
			isa = PBXFrameworksBuildPhase;
			buildActionMask = 2147483647;
			files = (
			);
			runOnlyForDeploymentPostprocessing = 0;
		};
		C2A475AF2D93CF3C00E44973 /* Frameworks */ = {
			isa = PBXFrameworksBuildPhase;
			buildActionMask = 2147483647;
			files = (
			);
			runOnlyForDeploymentPostprocessing = 0;
		};
/* End PBXFrameworksBuildPhase section */

/* Begin PBXGroup section */
		C2A4758F2D93CF3B00E44973 = {
			isa = PBXGroup;
			children = (
				C2A4759A2D93CF3B00E44973 /* xcode-hello */,
				C2A475AB2D93CF3C00E44973 /* xcode-helloTests */,
				C2A475B52D93CF3C00E44973 /* xcode-helloUITests */,
				C2A475992D93CF3B00E44973 /* Products */,
			);
			sourceTree = "<group>";
		};
		C2A475992D93CF3B00E44973 /* Products */ = {
			isa = PBXGroup;
			children = (
				C2A475982D93CF3B00E44973 /* xcode-hello.app */,
				C2A475A82D93CF3C00E44973 /* xcode-helloTests.xctest */,
				C2A475B22D93CF3C00E44973 /* xcode-helloUITests.xctest */,
			);
			name = Products;
			sourceTree = "<group>";
		};
/* End PBXGroup section */

/* Begin PBXNativeTarget section */
		C2A475972D93CF3B00E44973 /* xcode-hello */ = {
			isa = PBXNativeTarget;
			buildConfigurationList = C2A475BC2D93CF3C00E44973 /* Build configuration list for PBXNativeTarget "xcode-hello" */;
			buildPhases = (
				C2A475942D93CF3B00E44973 /* Sources */,
				C2A475952D93CF3B00E44973 /* Frameworks */,
				C2A475962D93CF3B00E44973 /* Resources */,
			);
			buildRules = (
			);
			dependencies = (
			);
			fileSystemSynchronizedGroups = (
				C2A4759A2D93CF3B00E44973 /* xcode-hello */,
			);
			name = "xcode-hello";
			packageProductDependencies = (
			);
			productName = "xcode-hello";
			productReference = C2A475982D93CF3B00E44973 /* xcode-hello.app */;
			productType = "com.apple.product-type.application";
		};
		C2A475A72D93CF3C00E44973 /* xcode-helloTests */ = {
			isa = PBXNativeTarget;
			buildConfigurationList = C2A475BF2D93CF3C00E44973 /* Build configuration list for PBXNativeTarget "xcode-helloTests" */;
			buildPhases = (
				C2A475A42D93CF3C00E44973 /* Sources */,
				C2A475A52D93CF3C00E44973 /* Frameworks */,
				C2A475A62D93CF3C00E44973 /* Resources */,
			);
			buildRules = (
			);
			dependencies = (
				C2A475AA2D93CF3C00E44973 /* PBXTargetDependency */,
			);
			fileSystemSynchronizedGroups = (
				C2A475AB2D93CF3C00E44973 /* xcode-helloTests */,
			);
			name = "xcode-helloTests";
			packageProductDependencies = (
			);
			productName = "xcode-helloTests";
			productReference = C2A475A82D93CF3C00E44973 /* xcode-helloTests.xctest */;
			productType = "com.apple.product-type.bundle.unit-test";
		};
		C2A475B12D93CF3C00E44973 /* xcode-helloUITests */ = {
			isa = PBXNativeTarget;
			buildConfigurationList = C2A475C22D93CF3C00E44973 /* Build configuration list for PBXNativeTarget "xcode-helloUITests" */;
			buildPhases = (
				C2A475AE2D93CF3C00E44973 /* Sources */,
				C2A475AF2D93CF3C00E44973 /* Frameworks */,
				C2A475B02D93CF3C00E44973 /* Resources */,
			);
			buildRules = (
			);
			dependencies = (
				C2A475B42D93CF3C00E44973 /* PBXTargetDependency */,
			);
			fileSystemSynchronizedGroups = (
				C2A475B52D93CF3C00E44973 /* xcode-helloUITests */,
			);
			name = "xcode-helloUITests";
			packageProductDependencies = (
			);
			productName = "xcode-helloUITests";
			productReference = C2A475B22D93CF3C00E44973 /* xcode-helloUITests.xctest */;
			productType = "com.apple.product-type.bundle.ui-testing";
		};
/* End PBXNativeTarget section */

/* Begin PBXProject section */
		C2A475902D93CF3B00E44973 /* Project object */ = {
			isa = PBXProject;
			attributes = {
				BuildIndependentTargetsInParallel = 1;
				LastSwiftUpdateCheck = 1620;
				LastUpgradeCheck = 1620;
				TargetAttributes = {
					C2A475972D93CF3B00E44973 = {
						CreatedOnToolsVersion = 16.2;
					};
					C2A475A72D93CF3C00E44973 = {
						CreatedOnToolsVersion = 16.2;
						TestTargetID = C2A475972D93CF3B00E44973;
					};
					C2A475B12D93CF3C00E44973 = {
						CreatedOnToolsVersion = 16.2;
						TestTargetID = C2A475972D93CF3B00E44973;
					};
				};
			};
			buildConfigurationList = C2A475932D93CF3B00E44973 /* Build configuration list for PBXProject "xcode-hello" */;
			developmentRegion = en;
			hasScannedForEncodings = 0;
			knownRegions = (
				en,
				Base,
			);
			mainGroup = C2A4758F2D93CF3B00E44973;
			minimizedProjectReferenceProxies = 1;
			preferredProjectObjectVersion = 77;
			productRefGroup = C2A475992D93CF3B00E44973 /* Products */;
			projectDirPath = "";
			projectRoot = "";
			targets = (
				C2A475972D93CF3B00E44973 /* xcode-hello */,
				C2A475A72D93CF3C00E44973 /* xcode-helloTests */,
				C2A475B12D93CF3C00E44973 /* xcode-helloUITests */,
			);
		};
/* End PBXProject section */

/* Begin PBXResourcesBuildPhase section */
		C2A475962D93CF3B00E44973 /* Resources */ = {
			isa = PBXResourcesBuildPhase;
			buildActionMask = 2147483647;
			files = (
			);
			runOnlyForDeploymentPostprocessing = 0;
		};
		C2A475A62D93CF3C00E44973 /* Resources */ = {
			isa = PBXResourcesBuildPhase;
			buildActionMask = 2147483647;
			files = (
			);
			runOnlyForDeploymentPostprocessing = 0;
		};
		C2A475B02D93CF3C00E44973 /* Resources */ = {
			isa = PBXResourcesBuildPhase;
			buildActionMask = 2147483647;
			files = (
			);
			runOnlyForDeploymentPostprocessing = 0;
		};
/* End PBXResourcesBuildPhase section */

/* Begin PBXSourcesBuildPhase section */
		C2A475942D93CF3B00E44973 /* Sources */ = {
			isa = PBXSourcesBuildPhase;
			buildActionMask = 2147483647;
			files = (
			);
			runOnlyForDeploymentPostprocessing = 0;
		};
		C2A475A42D93CF3C00E44973 /* Sources */ = {
			isa = PBXSourcesBuildPhase;
			buildActionMask = 2147483647;
			files = (
			);
			runOnlyForDeploymentPostprocessing = 0;
		};
		C2A475AE2D93CF3C00E44973 /* Sources */ = {
			isa = PBXSourcesBuildPhase;
			buildActionMask = 2147483647;
			files = (
			);
			runOnlyForDeploymentPostprocessing = 0;
		};
/* End PBXSourcesBuildPhase section */

/* Begin PBXTargetDependency section */
		C2A475AA2D93CF3C00E44973 /* PBXTargetDependency */ = {
			isa = PBXTargetDependency;
			target = C2A475972D93CF3B00E44973 /* xcode-hello */;
			targetProxy = C2A475A92D93CF3C00E44973 /* PBXContainerItemProxy */;
		};
		C2A475B42D93CF3C00E44973 /* PBXTargetDependency */ = {
			isa = PBXTargetDependency;
			target = C2A475972D93CF3B00E44973 /* xcode-hello */;
			targetProxy = C2A475B32D93CF3C00E44973 /* PBXContainerItemProxy */;
		};
/* End PBXTargetDependency section */

/* Begin XCBuildConfiguration section */
		C2A475BA2D93CF3C00E44973 /* Debug */ = {
			isa = XCBuildConfiguration;
			buildSettings = {
				ALWAYS_SEARCH_USER_PATHS = NO;
				ASSETCATALOG_COMPILER_GENERATE_SWIFT_ASSET_SYMBOL_EXTENSIONS = YES;
				CLANG_ANALYZER_NONNULL = YES;
				CLANG_ANALYZER_NUMBER_OBJECT_CONVERSION = YES_AGGRESSIVE;
				CLANG_CXX_LANGUAGE_STANDARD = "gnu++20";
				CLANG_ENABLE_MODULES = YES;
				CLANG_ENABLE_OBJC_ARC = YES;
				CLANG_ENABLE_OBJC_WEAK = YES;
				CLANG_WARN_BLOCK_CAPTURE_AUTORELEASING = YES;
				CLANG_WARN_BOOL_CONVERSION = YES;
				CLANG_WARN_COMMA = YES;
				CLANG_WARN_CONSTANT_CONVERSION = YES;
				CLANG_WARN_DEPRECATED_OBJC_IMPLEMENTATIONS = YES;
				CLANG_WARN_DIRECT_OBJC_ISA_USAGE = YES_ERROR;
				CLANG_WARN_DOCUMENTATION_COMMENTS = YES;
				CLANG_WARN_EMPTY_BODY = YES;
				CLANG_WARN_ENUM_CONVERSION = YES;
				CLANG_WARN_INFINITE_RECURSION = YES;
				CLANG_WARN_INT_CONVERSION = YES;
				CLANG_WARN_NON_LITERAL_NULL_CONVERSION = YES;
				CLANG_WARN_OBJC_IMPLICIT_RETAIN_SELF = YES;
				CLANG_WARN_OBJC_LITERAL_CONVERSION = YES;
				CLANG_WARN_OBJC_ROOT_CLASS = YES_ERROR;
				CLANG_WARN_QUOTED_INCLUDE_IN_FRAMEWORK_HEADER = YES;
				CLANG_WARN_RANGE_LOOP_ANALYSIS = YES;
				CLANG_WARN_STRICT_PROTOTYPES = YES;
				CLANG_WARN_SUSPICIOUS_MOVE = YES;
				CLANG_WARN_UNGUARDED_AVAILABILITY = YES_AGGRESSIVE;
				CLANG_WARN_UNREACHABLE_CODE = YES;
				CLANG_WARN__DUPLICATE_METHOD_MATCH = YES;
				COPY_PHASE_STRIP = NO;
				DEBUG_INFORMATION_FORMAT = dwarf;
				ENABLE_STRICT_OBJC_MSGSEND = YES;
				ENABLE_TESTABILITY = YES;
				ENABLE_USER_SCRIPT_SANDBOXING = YES;
				GCC_C_LANGUAGE_STANDARD = gnu17;
				GCC_DYNAMIC_NO_PIC = NO;
				GCC_NO_COMMON_BLOCKS = YES;
				GCC_OPTIMIZATION_LEVEL = 0;
				GCC_PREPROCESSOR_DEFINITIONS = (
					"DEBUG=1",
					"$(inherited)",
				);
				GCC_WARN_64_TO_32_BIT_CONVERSION = YES;
				GCC_WARN_ABOUT_RETURN_TYPE = YES_ERROR;
				GCC_WARN_UNDECLARED_SELECTOR = YES;
				GCC_WARN_UNINITIALIZED_AUTOS = YES_AGGRESSIVE;
				GCC_WARN_UNUSED_FUNCTION = YES;
				GCC_WARN_UNUSED_VARIABLE = YES;
				IPHONEOS_DEPLOYMENT_TARGET = 18.2;
				LOCALIZATION_PREFERS_STRING_CATALOGS = YES;
				MTL_ENABLE_DEBUG_INFO = INCLUDE_SOURCE;
				MTL_FAST_MATH = YES;
				ONLY_ACTIVE_ARCH = YES;
				SDKROOT = iphoneos;
				SWIFT_ACTIVE_COMPILATION_CONDITIONS = "DEBUG $(inherited)";
				SWIFT_OPTIMIZATION_LEVEL = "-Onone";
			};
			name = Debug;
		};
		C2A475BB2D93CF3C00E44973 /* Release */ = {
			isa = XCBuildConfiguration;
			buildSettings = {
				ALWAYS_SEARCH_USER_PATHS = NO;
				ASSETCATALOG_COMPILER_GENERATE_SWIFT_ASSET_SYMBOL_EXTENSIONS = YES;
				CLANG_ANALYZER_NONNULL = YES;
				CLANG_ANALYZER_NUMBER_OBJECT_CONVERSION = YES_AGGRESSIVE;
				CLANG_CXX_LANGUAGE_STANDARD = "gnu++20";
				CLANG_ENABLE_MODULES = YES;
				CLANG_ENABLE_OBJC_ARC = YES;
				CLANG_ENABLE_OBJC_WEAK = YES;
				CLANG_WARN_BLOCK_CAPTURE_AUTORELEASING = YES;
				CLANG_WARN_BOOL_CONVERSION = YES;
				CLANG_WARN_COMMA = YES;
				CLANG_WARN_CONSTANT_CONVERSION = YES;
				CLANG_WARN_DEPRECATED_OBJC_IMPLEMENTATIONS = YES;
				CLANG_WARN_DIRECT_OBJC_ISA_USAGE = YES_ERROR;
				CLANG_WARN_DOCUMENTATION_COMMENTS = YES;
				CLANG_WARN_EMPTY_BODY = YES;
				CLANG_WARN_ENUM_CONVERSION = YES;
				CLANG_WARN_INFINITE_RECURSION = YES;
				CLANG_WARN_INT_CONVERSION = YES;
				CLANG_WARN_NON_LITERAL_NULL_CONVERSION = YES;
				CLANG_WARN_OBJC_IMPLICIT_RETAIN_SELF = YES;
				CLANG_WARN_OBJC_LITERAL_CONVERSION = YES;
				CLANG_WARN_OBJC_ROOT_CLASS = YES_ERROR;
				CLANG_WARN_QUOTED_INCLUDE_IN_FRAMEWORK_HEADER = YES;
				CLANG_WARN_RANGE_LOOP_ANALYSIS = YES;
				CLANG_WARN_STRICT_PROTOTYPES = YES;
				CLANG_WARN_SUSPICIOUS_MOVE = YES;
				CLANG_WARN_UNGUARDED_AVAILABILITY = YES_AGGRESSIVE;
				CLANG_WARN_UNREACHABLE_CODE = YES;
				CLANG_WARN__DUPLICATE_METHOD_MATCH = YES;
				COPY_PHASE_STRIP = NO;
				DEBUG_INFORMATION_FORMAT = "dwarf-with-dsym";
				ENABLE_NS_ASSERTIONS = NO;
				ENABLE_STRICT_OBJC_MSGSEND = YES;
				ENABLE_USER_SCRIPT_SANDBOXING = YES;
				GCC_C_LANGUAGE_STANDARD = gnu17;
				GCC_NO_COMMON_BLOCKS = YES;
				GCC_WARN_64_TO_32_BIT_CONVERSION = YES;
				GCC_WARN_ABOUT_RETURN_TYPE = YES_ERROR;
				GCC_WARN_UNDECLARED_SELECTOR = YES;
				GCC_WARN_UNINITIALIZED_AUTOS = YES_AGGRESSIVE;
				GCC_WARN_UNUSED_FUNCTION = YES;
				GCC_WARN_UNUSED_VARIABLE = YES;
				IPHONEOS_DEPLOYMENT_TARGET = 18.2;
				LOCALIZATION_PREFERS_STRING_CATALOGS = YES;
				MTL_ENABLE_DEBUG_INFO = NO;
				MTL_FAST_MATH = YES;
				SDKROOT = iphoneos;
				SWIFT_COMPILATION_MODE = wholemodule;
				VALIDATE_PRODUCT = YES;
			};
			name = Release;
		};
		C2A475BD2D93CF3C00E44973 /* Debug */ = {
			isa = XCBuildConfiguration;
			buildSettings = {
				ASSETCATALOG_COMPILER_APPICON_NAME = AppIcon;
				ASSETCATALOG_COMPILER_GLOBAL_ACCENT_COLOR_NAME = AccentColor;
				CODE_SIGN_STYLE = Automatic;
				CURRENT_PROJECT_VERSION = 1;
				DEVELOPMENT_ASSET_PATHS = "\"xcode-hello/Preview Content\"";
				ENABLE_PREVIEWS = YES;
				GENERATE_INFOPLIST_FILE = YES;
				INFOPLIST_KEY_UIApplicationSceneManifest_Generation = YES;
				INFOPLIST_KEY_UIApplicationSupportsIndirectInputEvents = YES;
				INFOPLIST_KEY_UILaunchScreen_Generation = YES;
				INFOPLIST_KEY_UISupportedInterfaceOrientations_iPad = "UIInterfaceOrientationPortrait UIInterfaceOrientationPortraitUpsideDown UIInterfaceOrientationLandscapeLeft UIInterfaceOrientationLandscapeRight";
				INFOPLIST_KEY_UISupportedInterfaceOrientations_iPhone = "UIInterfaceOrientationPortrait UIInterfaceOrientationLandscapeLeft UIInterfaceOrientationLandscapeRight";
				IPHONEOS_DEPLOYMENT_TARGET = 17.6;
				LD_RUNPATH_SEARCH_PATHS = (
					"$(inherited)",
					"@executable_path/Frameworks",
				);
				MARKETING_VERSION = 1.0;
				PRODUCT_BUNDLE_IDENTIFIER = "xcode-hello.com.test.xcode-hello";
				PRODUCT_NAME = "$(TARGET_NAME)";
				SWIFT_EMIT_LOC_STRINGS = YES;
				SWIFT_VERSION = 5.0;
				TARGETED_DEVICE_FAMILY = "1,2";
			};
			name = Debug;
		};
		C2A475BE2D93CF3C00E44973 /* Release */ = {
			isa = XCBuildConfiguration;
			buildSettings = {
				ASSETCATALOG_COMPILER_APPICON_NAME = AppIcon;
				ASSETCATALOG_COMPILER_GLOBAL_ACCENT_COLOR_NAME = AccentColor;
				CODE_SIGN_STYLE = Automatic;
				CURRENT_PROJECT_VERSION = 1;
				DEVELOPMENT_ASSET_PATHS = "\"xcode-hello/Preview Content\"";
				ENABLE_PREVIEWS = YES;
				GENERATE_INFOPLIST_FILE = YES;
				INFOPLIST_KEY_UIApplicationSceneManifest_Generation = YES;
				INFOPLIST_KEY_UIApplicationSupportsIndirectInputEvents = YES;
				INFOPLIST_KEY_UILaunchScreen_Generation = YES;
				INFOPLIST_KEY_UISupportedInterfaceOrientations_iPad = "UIInterfaceOrientationPortrait UIInterfaceOrientationPortraitUpsideDown UIInterfaceOrientationLandscapeLeft UIInterfaceOrientationLandscapeRight";
				INFOPLIST_KEY_UISupportedInterfaceOrientations_iPhone = "UIInterfaceOrientationPortrait UIInterfaceOrientationLandscapeLeft UIInterfaceOrientationLandscapeRight";
				IPHONEOS_DEPLOYMENT_TARGET = 17.6;
				LD_RUNPATH_SEARCH_PATHS = (
					"$(inherited)",
					"@executable_path/Frameworks",
				);
				MARKETING_VERSION = 1.0;
				PRODUCT_BUNDLE_IDENTIFIER = "xcode-hello.com.test.xcode-hello";
				PRODUCT_NAME = "$(TARGET_NAME)";
				SWIFT_EMIT_LOC_STRINGS = YES;
				SWIFT_VERSION = 5.0;
				TARGETED_DEVICE_FAMILY = "1,2";
			};
			name = Release;
		};
		C2A475C02D93CF3C00E44973 /* Debug */ = {
			isa = XCBuildConfiguration;
			buildSettings = {
				BUNDLE_LOADER = "$(TEST_HOST)";
				CODE_SIGN_STYLE = Automatic;
				CURRENT_PROJECT_VERSION = 1;
				GENERATE_INFOPLIST_FILE = YES;
				IPHONEOS_DEPLOYMENT_TARGET = 17.6;
				MARKETING_VERSION = 1.0;
				PRODUCT_BUNDLE_IDENTIFIER = "xcode-hello.com.test.xcode-helloTests";
				PRODUCT_NAME = "$(TARGET_NAME)";
				SWIFT_EMIT_LOC_STRINGS = NO;
				SWIFT_VERSION = 5.0;
				TARGETED_DEVICE_FAMILY = "1,2";
				TEST_HOST = "$(BUILT_PRODUCTS_DIR)/xcode-hello.app/$(BUNDLE_EXECUTABLE_FOLDER_PATH)/xcode-hello";
			};
			name = Debug;
		};
		C2A475C12D93CF3C00E44973 /* Release */ = {
			isa = XCBuildConfiguration;
			buildSettings = {
				BUNDLE_LOADER = "$(TEST_HOST)";
				CODE_SIGN_STYLE = Automatic;
				CURRENT_PROJECT_VERSION = 1;
				GENERATE_INFOPLIST_FILE = YES;
				IPHONEOS_DEPLOYMENT_TARGET = 17.6;
				MARKETING_VERSION = 1.0;
				PRODUCT_BUNDLE_IDENTIFIER = "xcode-hello.com.test.xcode-helloTests";
				PRODUCT_NAME = "$(TARGET_NAME)";
				SWIFT_EMIT_LOC_STRINGS = NO;
				SWIFT_VERSION = 5.0;
				TARGETED_DEVICE_FAMILY = "1,2";
				TEST_HOST = "$(BUILT_PRODUCTS_DIR)/xcode-hello.app/$(BUNDLE_EXECUTABLE_FOLDER_PATH)/xcode-hello";
			};
			name = Release;
		};
		C2A475C32D93CF3C00E44973 /* Debug */ = {
			isa = XCBuildConfiguration;
			buildSettings = {
				CODE_SIGN_STYLE = Automatic;
				CURRENT_PROJECT_VERSION = 1;
				GENERATE_INFOPLIST_FILE = YES;
				IPHONEOS_DEPLOYMENT_TARGET = 17.6;
				MARKETING_VERSION = 1.0;
				PRODUCT_BUNDLE_IDENTIFIER = "xcode-hello.com.test.xcode-helloUITests";
				PRODUCT_NAME = "$(TARGET_NAME)";
				SWIFT_EMIT_LOC_STRINGS = NO;
				SWIFT_VERSION = 5.0;
				TARGETED_DEVICE_FAMILY = "1,2";
				TEST_TARGET_NAME = "xcode-hello";
			};
			name = Debug;
		};
		C2A475C42D93CF3C00E44973 /* Release */ = {
			isa = XCBuildConfiguration;
			buildSettings = {
				CODE_SIGN_STYLE = Automatic;
				CURRENT_PROJECT_VERSION = 1;
				GENERATE_INFOPLIST_FILE = YES;
				IPHONEOS_DEPLOYMENT_TARGET = 17.6;
				MARKETING_VERSION = 1.0;
				PRODUCT_BUNDLE_IDENTIFIER = "xcode-hello.com.test.xcode-helloUITests";
				PRODUCT_NAME = "$(TARGET_NAME)";
				SWIFT_EMIT_LOC_STRINGS = NO;
				SWIFT_VERSION = 5.0;
				TARGETED_DEVICE_FAMILY = "1,2";
				TEST_TARGET_NAME = "xcode-hello";
			};
			name = Release;
		};
/* End XCBuildConfiguration section */

/* Begin XCConfigurationList section */
		C2A475932D93CF3B00E44973 /* Build configuration list for PBXProject "xcode-hello" */ = {
			isa = XCConfigurationList;
			buildConfigurations = (
				C2A475BA2D93CF3C00E44973 /* Debug */,
				C2A475BB2D93CF3C00E44973 /* Release */,
			);
			defaultConfigurationIsVisible = 0;
			defaultConfigurationName = Release;
		};
		C2A475BC2D93CF3C00E44973 /* Build configuration list for PBXNativeTarget "xcode-hello" */ = {
			isa = XCConfigurationList;
			buildConfigurations = (
				C2A475BD2D93CF3C00E44973 /* Debug */,
				C2A475BE2D93CF3C00E44973 /* Release */,
			);
			defaultConfigurationIsVisible = 0;
			defaultConfigurationName = Release;
		};
		C2A475BF2D93CF3C00E44973 /* Build configuration list for PBXNativeTarget "xcode-helloTests" */ = {
			isa = XCConfigurationList;
			buildConfigurations = (
				C2A475C02D93CF3C00E44973 /* Debug */,
				C2A475C12D93CF3C00E44973 /* Release */,
			);
			defaultConfigurationIsVisible = 0;
			defaultConfigurationName = Release;
		};
		C2A475C22D93CF3C00E44973 /* Build configuration list for PBXNativeTarget "xcode-helloUITests" */ = {
			isa = XCConfigurationList;
			buildConfigurations = (
				C2A475C32D93CF3C00E44973 /* Debug */,
				C2A475C42D93CF3C00E44973 /* Release */,
			);
			defaultConfigurationIsVisible = 0;
			defaultConfigurationName = Release;
		};
/* End XCConfigurationList section */
	};
	rootObject = C2A475902D93CF3B00E44973 /* Project object */;
}
